Microsoft Visual Studio Solution File, Format Version 10.00
# Visual Studio 2008
Project("{FAE04EC0-301F-11D3-BF4B-00C04F79EFBC}") = "StylesSheetManager", "StylesSheetManager\StylesSheetManager.csproj", "{CCBFC182-518D-403A-97F8-EDB9039BC759}"
EndProject
Project("{FAE04EC0-301F-11D3-BF4B-00C04F79EFBC}") = "StylesSheetManager.Demo", "StylesSheetManager.Demo\StylesSheetManager.Demo.csproj", "{D7B827F0-8D55-42DB-8E5C-0C3EF8FACC2B}"
EndProject
Global
	GlobalSection(SolutionConfigurationPlatforms) = preSolution
		Debug|Any CPU = Debug|Any CPU
		Release|Any CPU = Release|Any CPU
	EndGlobalSection
	GlobalSection(ProjectConfigurationPlatforms) = postSolution
		{CCBFC182-518D-403A-97F8-EDB9039BC759}.Debug|Any CPU.ActiveCfg = Debug|Any CPU
		{CCBFC182-518D-403A-97F8-EDB9039BC759}.Debug|Any CPU.Build.0 = Debug|Any CPU
		{CCBFC182-518D-403A-97F8-EDB9039BC759}.Release|Any CPU.ActiveCfg = Release|Any CPU
		{CCBFC182-518D-403A-97F8-EDB9039BC759}.Release|Any CPU.Build.0 = Release|Any CPU
		{D7B827F0-8D55-42DB-8E5C-0C3EF8FACC2B}.Debug|Any CPU.ActiveCfg = Debug|Any CPU
		{D7B827F0-8D55-42DB-8E5C-0C3EF8FACC2B}.Debug|Any CPU.Build.0 = Debug|Any CPU
		{D7B827F0-8D55-42DB-8E5C-0C3EF8FACC2B}.Release|Any CPU.ActiveCfg = Release|Any CPU
		{D7B827F0-8D55-42DB-8E5C-0C3EF8FACC2B}.Release|Any CPU.Build.0 = Release|Any CPU
	EndGlobalSection
	GlobalSection(SolutionProperties) = preSolution
		HideSolutionNode = FALSE
	EndGlobalSection
EndGlobal
